
Microsoft Visual Studio Solution File, Format Version 12.00
# Visual Studio Version 17
VisualStudioVersion = 17.5.002.0
MinimumVisualStudioVersion = 10.0.40219.1
Project("{9A19103F-16F7-4668-BE54-9A1E7A4F7556}") = "Entidades", "Entidades\Entidades.csproj", "{C6F02C95-C777-4892-BBAD-B4DCD23BCFFF}"
EndProject
Project("{9A19103F-16F7-4668-BE54-9A1E7A4F7556}") = "Programa", "Programa\Programa.csproj", "{7DC289E4-F5A5-4B0D-ABF4-12A0B1F2068A}"
EndProject
Project("{9A19103F-16F7-4668-BE54-9A1E7A4F7556}") = "Sqlite", "Sqlite\Sqlite.csproj", "{861D567D-B753-4CE9-8FAE-83AF9C9D9C1A}"
EndProject
Global
	GlobalSection(SolutionConfigurationPlatforms) = preSolution
		Debug|Any CPU = Debug|Any CPU
		Release|Any CPU = Release|Any CPU
	EndGlobalSection
	GlobalSection(ProjectConfigurationPlatforms) = postSolution
		{C6F02C95-C777-4892-BBAD-B4DCD23BCFFF}.Debug|Any CPU.ActiveCfg = Debug|Any CPU
		{C6F02C95-C777-4892-BBAD-B4DCD23BCFFF}.Debug|Any CPU.Build.0 = Debug|Any CPU
		{C6F02C95-C777-4892-BBAD-B4DCD23BCFFF}.Release|Any CPU.ActiveCfg = Release|Any CPU
		{C6F02C95-C777-4892-BBAD-B4DCD23BCFFF}.Release|Any CPU.Build.0 = Release|Any CPU
		{7DC289E4-F5A5-4B0D-ABF4-12A0B1F2068A}.Debug|Any CPU.ActiveCfg = Debug|Any CPU
		{7DC289E4-F5A5-4B0D-ABF4-12A0B1F2068A}.Debug|Any CPU.Build.0 = Debug|Any CPU
		{7DC289E4-F5A5-4B0D-ABF4-12A0B1F2068A}.Release|Any CPU.ActiveCfg = Release|Any CPU
		{7DC289E4-F5A5-4B0D-ABF4-12A0B1F2068A}.Release|Any CPU.Build.0 = Release|Any CPU
		{861D567D-B753-4CE9-8FAE-83AF9C9D9C1A}.Debug|Any CPU.ActiveCfg = Debug|Any CPU
		{861D567D-B753-4CE9-8FAE-83AF9C9D9C1A}.Debug|Any CPU.Build.0 = Debug|Any CPU
		{861D567D-B753-4CE9-8FAE-83AF9C9D9C1A}.Release|Any CPU.ActiveCfg = Release|Any CPU
		{861D567D-B753-4CE9-8FAE-83AF9C9D9C1A}.Release|Any CPU.Build.0 = Release|Any CPU
	EndGlobalSection
	GlobalSection(SolutionProperties) = preSolution
		HideSolutionNode = FALSE
	EndGlobalSection
	GlobalSection(ExtensibilityGlobals) = postSolution
		SolutionGuid = {26F651C6-80F9-42FD-B9E4-262CDA7DE98B}
	EndGlobalSection
EndGlobal
